{
  "name": "paradux-enhancer",
  "version": "1.0.0",
  "lockfileVersion": 1,
  "requires": true,
  "dependencies": {
    "alterdux": {
      "version": "1.0.3",
      "resolved": "https://registry.npmjs.org/alterdux/-/alterdux-1.0.3.tgz",
      "integrity": "sha1-Y7OoZ/oGJd5Bq2WjIM35D/xr6nk=",
      "dev": true
    }
  }
}
